
Microsoft Visual Studio Solution File, Format Version 12.00
# Visual Studio Version 17
VisualStudioVersion = 17.7.34221.43
MinimumVisualStudioVersion = 10.0.40219.1
Project("{FAE04EC0-301F-11D3-BF4B-00C04F79EFBC}") = "WebApplication17", "WebApplication17.csproj", "{49FD7F17-3BD2-47F3-8570-2AA36D0D918C}"
EndProject
Global
	GlobalSection(SolutionConfigurationPlatforms) = preSolution
		Debug|Any CPU = Debug|Any CPU
		Release|Any CPU = Release|Any CPU
	EndGlobalSection
	GlobalSection(ProjectConfigurationPlatforms) = postSolution
		{49FD7F17-3BD2-47F3-8570-2AA36D0D918C}.Debug|Any CPU.ActiveCfg = Debug|Any CPU
		{49FD7F17-3BD2-47F3-8570-2AA36D0D918C}.Debug|Any CPU.Build.0 = Debug|Any CPU
		{49FD7F17-3BD2-47F3-8570-2AA36D0D918C}.Release|Any CPU.ActiveCfg = Release|Any CPU
		{49FD7F17-3BD2-47F3-8570-2AA36D0D918C}.Release|Any CPU.Build.0 = Release|Any CPU
	EndGlobalSection
	GlobalSection(SolutionProperties) = preSolution
		HideSolutionNode = FALSE
	EndGlobalSection
	GlobalSection(ExtensibilityGlobals) = postSolution
		SolutionGuid = {E040C34B-795A-4CFF-A1FD-1197030DC608}
	EndGlobalSection
EndGlobal
